
Microsoft Visual Studio Solution File, Format Version 12.00
# Visual Studio Version 17
VisualStudioVersion = 17.0.31710.8
MinimumVisualStudioVersion = 10.0.40219.1
Project("{FAE04EC0-301F-11D3-BF4B-00C04F79EFBC}") = "BlackBoxTesting", "BlackBoxTesting.csproj", "{8516B542-624F-48C2-8A98-19E9CF869B76}"
EndProject
Global
	GlobalSection(SolutionConfigurationPlatforms) = preSolution
		Debug|Any CPU = Debug|Any CPU
		Release|Any CPU = Release|Any CPU
	EndGlobalSection
	GlobalSection(ProjectConfigurationPlatforms) = postSolution
		{8516B542-624F-48C2-8A98-19E9CF869B76}.Debug|Any CPU.ActiveCfg = Debug|Any CPU
		{8516B542-624F-48C2-8A98-19E9CF869B76}.Debug|Any CPU.Build.0 = Debug|Any CPU
		{8516B542-624F-48C2-8A98-19E9CF869B76}.Release|Any CPU.ActiveCfg = Release|Any CPU
		{8516B542-624F-48C2-8A98-19E9CF869B76}.Release|Any CPU.Build.0 = Release|Any CPU
	EndGlobalSection
	GlobalSection(SolutionProperties) = preSolution
		HideSolutionNode = FALSE
	EndGlobalSection
	GlobalSection(ExtensibilityGlobals) = postSolution
		SolutionGuid = {2E26A54F-F125-4635-914A-CF5ACCB8E15C}
	EndGlobalSection
EndGlobal
